
Microsoft Visual Studio Solution File, Format Version 11.00
# Visual Studio 2010
Project("{FAE04EC0-301F-11D3-BF4B-00C04F79EFBC}") = "L5", "L5U1\L5.csproj", "{BFC8357D-38CA-403B-AEA5-EC28C0DE4864}"
EndProject
Global
	GlobalSection(SolutionConfigurationPlatforms) = preSolution
		Debug|x86 = Debug|x86
		Release|x86 = Release|x86
	EndGlobalSection
	GlobalSection(ProjectConfigurationPlatforms) = postSolution
		{BFC8357D-38CA-403B-AEA5-EC28C0DE4864}.Debug|x86.ActiveCfg = Debug|x86
		{BFC8357D-38CA-403B-AEA5-EC28C0DE4864}.Debug|x86.Build.0 = Debug|x86
		{BFC8357D-38CA-403B-AEA5-EC28C0DE4864}.Release|x86.ActiveCfg = Release|x86
		{BFC8357D-38CA-403B-AEA5-EC28C0DE4864}.Release|x86.Build.0 = Release|x86
	EndGlobalSection
	GlobalSection(SolutionProperties) = preSolution
		HideSolutionNode = FALSE
	EndGlobalSection
EndGlobal
